
Microsoft Visual Studio Solution File, Format Version 10.00
# Visual Studio 2008
Project("{FAE04EC0-301F-11D3-BF4B-00C04F79EFBC}") = "CSharpMaze", "CSharpMaze.csproj", "{B54A286C-8EFF-4E2A-A3D7-69601D0B44FA}"
EndProject
Global
	GlobalSection(SolutionConfigurationPlatforms) = preSolution
		Debug|Any CPU = Debug|Any CPU
		Release|Any CPU = Release|Any CPU
	EndGlobalSection
	GlobalSection(ProjectConfigurationPlatforms) = postSolution
		{B54A286C-8EFF-4E2A-A3D7-69601D0B44FA}.Debug|Any CPU.ActiveCfg = Debug|Any CPU
		{B54A286C-8EFF-4E2A-A3D7-69601D0B44FA}.Debug|Any CPU.Build.0 = Debug|Any CPU
		{B54A286C-8EFF-4E2A-A3D7-69601D0B44FA}.Release|Any CPU.ActiveCfg = Release|Any CPU
		{B54A286C-8EFF-4E2A-A3D7-69601D0B44FA}.Release|Any CPU.Build.0 = Release|Any CPU
	EndGlobalSection
	GlobalSection(SolutionProperties) = preSolution
		HideSolutionNode = FALSE
	EndGlobalSection
EndGlobal
